// !$*UTF8*$!
{
	archiveVersion = 1;
	classes = {
	};
	objectVersion = 55;
	objects = {

/* Begin PBXBuildFile section */
		979140FD27FB42B4005364AF /* LandMarksApp.swift in Sources */ = {isa = PBXBuildFile; fileRef = 979140FC27FB42B4005364AF /* LandMarksApp.swift */; };
		979140FF27FB42B4005364AF /* ContentView.swift in Sources */ = {isa = PBXBuildFile; fileRef = 979140FE27FB42B4005364AF /* ContentView.swift */; };
		9791410127FB42B5005364AF /* Assets.xcassets in Resources */ = {isa = PBXBuildFile; fileRef = 9791410027FB42B5005364AF /* Assets.xcassets */; };
		9791410427FB42B5005364AF /* Preview Assets.xcassets in Resources */ = {isa = PBXBuildFile; fileRef = 9791410327FB42B5005364AF /* Preview Assets.xcassets */; };
		9791410E27FB42B5005364AF /* swiftUI_testTests.swift in Sources */ = {isa = PBXBuildFile; fileRef = 9791410D27FB42B5005364AF /* swiftUI_testTests.swift */; };
		9791411827FB42B5005364AF /* swiftUI_testUITests.swift in Sources */ = {isa = PBXBuildFile; fileRef = 9791411727FB42B5005364AF /* swiftUI_testUITests.swift */; };
		9791411A27FB42B5005364AF /* swiftUI_testUITestsLaunchTests.swift in Sources */ = {isa = PBXBuildFile; fileRef = 9791411927FB42B5005364AF /* swiftUI_testUITestsLaunchTests.swift */; };
		9791412D27FB5790005364AF /* landmarkData.json in Resources */ = {isa = PBXBuildFile; fileRef = 9791412C27FB5790005364AF /* landmarkData.json */; };
		97EAFF8A27FC2C39005A9AB6 /* .gitignore in Resources */ = {isa = PBXBuildFile; fileRef = 97EAFF8927FC2C39005A9AB6 /* .gitignore */; };
/* End PBXBuildFile section */

/* Begin PBXContainerItemProxy section */
		9791410A27FB42B5005364AF /* PBXContainerItemProxy */ = {
			isa = PBXContainerItemProxy;
			containerPortal = 979140F127FB42B4005364AF /* Project object */;
			proxyType = 1;
			remoteGlobalIDString = 979140F827FB42B4005364AF;
			remoteInfo = "swiftUI-test";
		};
		9791411427FB42B5005364AF /* PBXContainerItemProxy */ = {
			isa = PBXContainerItemProxy;
			containerPortal = 979140F127FB42B4005364AF /* Project object */;
			proxyType = 1;
			remoteGlobalIDString = 979140F827FB42B4005364AF;
			remoteInfo = "swiftUI-test";
		};
/* End PBXContainerItemProxy section */

/* Begin PBXFileReference section */
		979140F927FB42B4005364AF /* swiftUI-test.app */ = {isa = PBXFileReference; explicitFileType = wrapper.application; includeInIndex = 0; path = "swiftUI-test.app"; sourceTree = BUILT_PRODUCTS_DIR; };
		979140FC27FB42B4005364AF /* LandMarksApp.swift */ = {isa = PBXFileReference; lastKnownFileType = sourcecode.swift; path = LandMarksApp.swift; sourceTree = "<group>"; };
		979140FE27FB42B4005364AF /* ContentView.swift */ = {isa = PBXFileReference; lastKnownFileType = sourcecode.swift; path = ContentView.swift; sourceTree = "<group>"; };
		9791410027FB42B5005364AF /* Assets.xcassets */ = {isa = PBXFileReference; lastKnownFileType = folder.assetcatalog; path = Assets.xcassets; sourceTree = "<group>"; };
		9791410327FB42B5005364AF /* Preview Assets.xcassets */ = {isa = PBXFileReference; lastKnownFileType = folder.assetcatalog; path = "Preview Assets.xcassets"; sourceTree = "<group>"; };
		9791410927FB42B5005364AF /* swiftUI-testTests.xctest */ = {isa = PBXFileReference; explicitFileType = wrapper.cfbundle; includeInIndex = 0; path = "swiftUI-testTests.xctest"; sourceTree = BUILT_PRODUCTS_DIR; };
		9791410D27FB42B5005364AF /* swiftUI_testTests.swift */ = {isa = PBXFileReference; lastKnownFileType = sourcecode.swift; path = swiftUI_testTests.swift; sourceTree = "<group>"; };
		9791411327FB42B5005364AF /* swiftUI-testUITests.xctest */ = {isa = PBXFileReference; explicitFileType = wrapper.cfbundle; includeInIndex = 0; path = "swiftUI-testUITests.xctest"; sourceTree = BUILT_PRODUCTS_DIR; };
		9791411727FB42B5005364AF /* swiftUI_testUITests.swift */ = {isa = PBXFileReference; lastKnownFileType = sourcecode.swift; path = swiftUI_testUITests.swift; sourceTree = "<group>"; };
		9791411927FB42B5005364AF /* swiftUI_testUITestsLaunchTests.swift */ = {isa = PBXFileReference; lastKnownFileType = sourcecode.swift; path = swiftUI_testUITestsLaunchTests.swift; sourceTree = "<group>"; };
		9791412C27FB5790005364AF /* landmarkData.json */ = {isa = PBXFileReference; fileEncoding = 4; lastKnownFileType = text.json; path = landmarkData.json; sourceTree = "<group>"; };
		97EAFF8927FC2C39005A9AB6 /* .gitignore */ = {isa = PBXFileReference; lastKnownFileType = text; path = .gitignore; sourceTree = "<group>"; };
/* End PBXFileReference section */

/* Begin PBXFrameworksBuildPhase section */
		979140F627FB42B4005364AF /* Frameworks */ = {
			isa = PBXFrameworksBuildPhase;
			buildActionMask = 2147483647;
			files = (
			);
			runOnlyForDeploymentPostprocessing = 0;
		};
		9791410627FB42B5005364AF /* Frameworks */ = {
			isa = PBXFrameworksBuildPhase;
			buildActionMask = 2147483647;
			files = (
			);
			runOnlyForDeploymentPostprocessing = 0;
		};
		9791411027FB42B5005364AF /* Frameworks */ = {
			isa = PBXFrameworksBuildPhase;
			buildActionMask = 2147483647;
			files = (
			);
			runOnlyForDeploymentPostprocessing = 0;
		};
/* End PBXFrameworksBuildPhase section */

/* Begin PBXGroup section */
		979140F027FB42B4005364AF = {
			isa = PBXGroup;
			children = (
				97EAFF8927FC2C39005A9AB6 /* .gitignore */,
				979140FB27FB42B4005364AF /* swiftUI-test */,
				9791410C27FB42B5005364AF /* swiftUI-testTests */,
				9791411627FB42B5005364AF /* swiftUI-testUITests */,
				979140FA27FB42B4005364AF /* Products */,
			);
			sourceTree = "<group>";
		};
		979140FA27FB42B4005364AF /* Products */ = {
			isa = PBXGroup;
			children = (
				979140F927FB42B4005364AF /* swiftUI-test.app */,
				9791410927FB42B5005364AF /* swiftUI-testTests.xctest */,
				9791411327FB42B5005364AF /* swiftUI-testUITests.xctest */,
			);
			name = Products;
			sourceTree = "<group>";
		};
		979140FB27FB42B4005364AF /* swiftUI-test */ = {
			isa = PBXGroup;
			children = (
				9791413527FB5A18005364AF /* Resources */,
				9791413427FB59EC005364AF /* Model */,
				9791413327FB59D6005364AF /* Views */,
				979140FC27FB42B4005364AF /* LandMarksApp.swift */,
				9791410027FB42B5005364AF /* Assets.xcassets */,
				9791410227FB42B5005364AF /* Preview Content */,
			);
			path = "swiftUI-test";
			sourceTree = "<group>";
		};
		9791410227FB42B5005364AF /* Preview Content */ = {
			isa = PBXGroup;
			children = (
				9791410327FB42B5005364AF /* Preview Assets.xcassets */,
			);
			path = "Preview Content";
			sourceTree = "<group>";
		};
		9791410C27FB42B5005364AF /* swiftUI-testTests */ = {
			isa = PBXGroup;
			children = (
				9791410D27FB42B5005364AF /* swiftUI_testTests.swift */,
			);
			path = "swiftUI-testTests";
			sourceTree = "<group>";
		};
		9791411627FB42B5005364AF /* swiftUI-testUITests */ = {
			isa = PBXGroup;
			children = (
				9791411727FB42B5005364AF /* swiftUI_testUITests.swift */,
				9791411927FB42B5005364AF /* swiftUI_testUITestsLaunchTests.swift */,
			);
			path = "swiftUI-testUITests";
			sourceTree = "<group>";
		};
		9791413327FB59D6005364AF /* Views */ = {
			isa = PBXGroup;
			children = (
				979140FE27FB42B4005364AF /* ContentView.swift */,
			);
			path = Views;
			sourceTree = "<group>";
		};
		9791413427FB59EC005364AF /* Model */ = {
			isa = PBXGroup;
			children = (
			);
			path = Model;
			sourceTree = "<group>";
		};
		9791413527FB5A18005364AF /* Resources */ = {
			isa = PBXGroup;
			children = (
				9791412C27FB5790005364AF /* landmarkData.json */,
			);
			path = Resources;
			sourceTree = "<group>";
		};
/* End PBXGroup section */

/* Begin PBXNativeTarget section */
		979140F827FB42B4005364AF /* swiftUI-test */ = {
			isa = PBXNativeTarget;
			buildConfigurationList = 9791411D27FB42B5005364AF /* Build configuration list for PBXNativeTarget "swiftUI-test" */;
			buildPhases = (
				979140F527FB42B4005364AF /* Sources */,
				979140F627FB42B4005364AF /* Frameworks */,
				979140F727FB42B4005364AF /* Resources */,
			);
			buildRules = (
			);
			dependencies = (
			);
			name = "swiftUI-test";
			productName = "swiftUI-test";
			productReference = 979140F927FB42B4005364AF /* swiftUI-test.app */;
			productType = "com.apple.product-type.application";
		};
		9791410827FB42B5005364AF /* swiftUI-testTests */ = {
			isa = PBXNativeTarget;
			buildConfigurationList = 9791412027FB42B5005364AF /* Build configuration list for PBXNativeTarget "swiftUI-testTests" */;
			buildPhases = (
				9791410527FB42B5005364AF /* Sources */,
				9791410627FB42B5005364AF /* Frameworks */,
				9791410727FB42B5005364AF /* Resources */,
			);
			buildRules = (
			);
			dependencies = (
				9791410B27FB42B5005364AF /* PBXTargetDependency */,
			);
			name = "swiftUI-testTests";
			productName = "swiftUI-testTests";
			productReference = 9791410927FB42B5005364AF /* swiftUI-testTests.xctest */;
			productType = "com.apple.product-type.bundle.unit-test";
		};
		9791411227FB42B5005364AF /* swiftUI-testUITests */ = {
			isa = PBXNativeTarget;
			buildConfigurationList = 9791412327FB42B5005364AF /* Build configuration list for PBXNativeTarget "swiftUI-testUITests" */;
			buildPhases = (
				9791410F27FB42B5005364AF /* Sources */,
				9791411027FB42B5005364AF /* Frameworks */,
				9791411127FB42B5005364AF /* Resources */,
			);
			buildRules = (
			);
			dependencies = (
				9791411527FB42B5005364AF /* PBXTargetDependency */,
			);
			name = "swiftUI-testUITests";
			productName = "swiftUI-testUITests";
			productReference = 9791411327FB42B5005364AF /* swiftUI-testUITests.xctest */;
			productType = "com.apple.product-type.bundle.ui-testing";
		};
/* End PBXNativeTarget section */

/* Begin PBXProject section */
		979140F127FB42B4005364AF /* Project object */ = {
			isa = PBXProject;
			attributes = {
				BuildIndependentTargetsInParallel = 1;
				LastSwiftUpdateCheck = 1330;
				LastUpgradeCheck = 1330;
				TargetAttributes = {
					979140F827FB42B4005364AF = {
						CreatedOnToolsVersion = 13.3;
					};
					9791410827FB42B5005364AF = {
						CreatedOnToolsVersion = 13.3;
						TestTargetID = 979140F827FB42B4005364AF;
					};
					9791411227FB42B5005364AF = {
						CreatedOnToolsVersion = 13.3;
						TestTargetID = 979140F827FB42B4005364AF;
					};
				};
			};
			buildConfigurationList = 979140F427FB42B4005364AF /* Build configuration list for PBXProject "swiftUI-test" */;
			compatibilityVersion = "Xcode 13.0";
			developmentRegion = en;
			hasScannedForEncodings = 0;
			knownRegions = (
				en,
				Base,
			);
			mainGroup = 979140F027FB42B4005364AF;
			productRefGroup = 979140FA27FB42B4005364AF /* Products */;
			projectDirPath = "";
			projectRoot = "";
			targets = (
				979140F827FB42B4005364AF /* swiftUI-test */,
				9791410827FB42B5005364AF /* swiftUI-testTests */,
				9791411227FB42B5005364AF /* swiftUI-testUITests */,
			);
		};
/* End PBXProject section */

/* Begin PBXResourcesBuildPhase section */
		979140F727FB42B4005364AF /* Resources */ = {
			isa = PBXResourcesBuildPhase;
			buildActionMask = 2147483647;
			files = (
				97EAFF8A27FC2C39005A9AB6 /* .gitignore in Resources */,
				9791410427FB42B5005364AF /* Preview Assets.xcassets in Resources */,
				9791410127FB42B5005364AF /* Assets.xcassets in Resources */,
				9791412D27FB5790005364AF /* landmarkData.json in Resources */,
			);
			runOnlyForDeploymentPostprocessing = 0;
		};
		9791410727FB42B5005364AF /* Resources */ = {
			isa = PBXResourcesBuildPhase;
			buildActionMask = 2147483647;
			files = (
			);
			runOnlyForDeploymentPostprocessing = 0;
		};
		9791411127FB42B5005364AF /* Resources */ = {
			isa = PBXResourcesBuildPhase;
			buildActionMask = 2147483647;
			files = (
			);
			runOnlyForDeploymentPostprocessing = 0;
		};
/* End PBXResourcesBuildPhase section */

/* Begin PBXSourcesBuildPhase section */
		979140F527FB42B4005364AF /* Sources */ = {
			isa = PBXSourcesBuildPhase;
			buildActionMask = 2147483647;
			files = (
				979140FF27FB42B4005364AF /* ContentView.swift in Sources */,
				979140FD27FB42B4005364AF /* LandMarksApp.swift in Sources */,
			);
			runOnlyForDeploymentPostprocessing = 0;
		};
		9791410527FB42B5005364AF /* Sources */ = {
			isa = PBXSourcesBuildPhase;
			buildActionMask = 2147483647;
			files = (
				9791410E27FB42B5005364AF /* swiftUI_testTests.swift in Sources */,
			);
			runOnlyForDeploymentPostprocessing = 0;
		};
		9791410F27FB42B5005364AF /* Sources */ = {
			isa = PBXSourcesBuildPhase;
			buildActionMask = 2147483647;
			files = (
				9791411A27FB42B5005364AF /* swiftUI_testUITestsLaunchTests.swift in Sources */,
				9791411827FB42B5005364AF /* swiftUI_testUITests.swift in Sources */,
			);
			runOnlyForDeploymentPostprocessing = 0;
		};
/* End PBXSourcesBuildPhase section */

/* Begin PBXTargetDependency section */
		9791410B27FB42B5005364AF /* PBXTargetDependency */ = {
			isa = PBXTargetDependency;
			target = 979140F827FB42B4005364AF /* swiftUI-test */;
			targetProxy = 9791410A27FB42B5005364AF /* PBXContainerItemProxy */;
		};
		9791411527FB42B5005364AF /* PBXTargetDependency */ = {
			isa = PBXTargetDependency;
			target = 979140F827FB42B4005364AF /* swiftUI-test */;
			targetProxy = 9791411427FB42B5005364AF /* PBXContainerItemProxy */;
		};
/* End PBXTargetDependency section */

/* Begin XCBuildConfiguration section */
		9791411B27FB42B5005364AF /* Debug */ = {
			isa = XCBuildConfiguration;
			buildSettings = {
				ALWAYS_SEARCH_USER_PATHS = NO;
				CLANG_ANALYZER_NONNULL = YES;
				CLANG_ANALYZER_NUMBER_OBJECT_CONVERSION = YES_AGGRESSIVE;
				CLANG_CXX_LANGUAGE_STANDARD = "gnu++17";
				CLANG_ENABLE_MODULES = YES;
				CLANG_ENABLE_OBJC_ARC = YES;
				CLANG_ENABLE_OBJC_WEAK = YES;
				CLANG_WARN_BLOCK_CAPTURE_AUTORELEASING = YES;
				CLANG_WARN_BOOL_CONVERSION = YES;
				CLANG_WARN_COMMA = YES;
				CLANG_WARN_CONSTANT_CONVERSION = YES;
				CLANG_WARN_DEPRECATED_OBJC_IMPLEMENTATIONS = YES;
				CLANG_WARN_DIRECT_OBJC_ISA_USAGE = YES_ERROR;
				CLANG_WARN_DOCUMENTATION_COMMENTS = YES;
				CLANG_WARN_EMPTY_BODY = YES;
				CLANG_WARN_ENUM_CONVERSION = YES;
				CLANG_WARN_INFINITE_RECURSION = YES;
				CLANG_WARN_INT_CONVERSION = YES;
				CLANG_WARN_NON_LITERAL_NULL_CONVERSION = YES;
				CLANG_WARN_OBJC_IMPLICIT_RETAIN_SELF = YES;
				CLANG_WARN_OBJC_LITERAL_CONVERSION = YES;
				CLANG_WARN_OBJC_ROOT_CLASS = YES_ERROR;
				CLANG_WARN_QUOTED_INCLUDE_IN_FRAMEWORK_HEADER = YES;
				CLANG_WARN_RANGE_LOOP_ANALYSIS = YES;
				CLANG_WARN_STRICT_PROTOTYPES = YES;
				CLANG_WARN_SUSPICIOUS_MOVE = YES;
				CLANG_WARN_UNGUARDED_AVAILABILITY = YES_AGGRESSIVE;
				CLANG_WARN_UNREACHABLE_CODE = YES;
				CLANG_WARN__DUPLICATE_METHOD_MATCH = YES;
				COPY_PHASE_STRIP = NO;
				DEBUG_INFORMATION_FORMAT = dwarf;
				ENABLE_STRICT_OBJC_MSGSEND = YES;
				ENABLE_TESTABILITY = YES;
				GCC_C_LANGUAGE_STANDARD = gnu11;
				GCC_DYNAMIC_NO_PIC = NO;
				GCC_NO_COMMON_BLOCKS = YES;
				GCC_OPTIMIZATION_LEVEL = 0;
				GCC_PREPROCESSOR_DEFINITIONS = (
					"DEBUG=1",
					"$(inherited)",
				);
				GCC_WARN_64_TO_32_BIT_CONVERSION = YES;
				GCC_WARN_ABOUT_RETURN_TYPE = YES_ERROR;
				GCC_WARN_UNDECLARED_SELECTOR = YES;
				GCC_WARN_UNINITIALIZED_AUTOS = YES_AGGRESSIVE;
				GCC_WARN_UNUSED_FUNCTION = YES;
				GCC_WARN_UNUSED_VARIABLE = YES;
				IPHONEOS_DEPLOYMENT_TARGET = 15.4;
				MTL_ENABLE_DEBUG_INFO = INCLUDE_SOURCE;
				MTL_FAST_MATH = YES;
				ONLY_ACTIVE_ARCH = YES;
				SDKROOT = iphoneos;
				SWIFT_ACTIVE_COMPILATION_CONDITIONS = DEBUG;
				SWIFT_OPTIMIZATION_LEVEL = "-Onone";
			};
			name = Debug;
		};
		9791411C27FB42B5005364AF /* Release */ = {
			isa = XCBuildConfiguration;
			buildSettings = {
				ALWAYS_SEARCH_USER_PATHS = NO;
				CLANG_ANALYZER_NONNULL = YES;
				CLANG_ANALYZER_NUMBER_OBJECT_CONVERSION = YES_AGGRESSIVE;
				CLANG_CXX_LANGUAGE_STANDARD = "gnu++17";
				CLANG_ENABLE_MODULES = YES;
				CLANG_ENABLE_OBJC_ARC = YES;
				CLANG_ENABLE_OBJC_WEAK = YES;
				CLANG_WARN_BLOCK_CAPTURE_AUTORELEASING = YES;
				CLANG_WARN_BOOL_CONVERSION = YES;
				CLANG_WARN_COMMA = YES;
				CLANG_WARN_CONSTANT_CONVERSION = YES;
				CLANG_WARN_DEPRECATED_OBJC_IMPLEMENTATIONS = YES;
				CLANG_WARN_DIRECT_OBJC_ISA_USAGE = YES_ERROR;
				CLANG_WARN_DOCUMENTATION_COMMENTS = YES;
				CLANG_WARN_EMPTY_BODY = YES;
				CLANG_WARN_ENUM_CONVERSION = YES;
				CLANG_WARN_INFINITE_RECURSION = YES;
				CLANG_WARN_INT_CONVERSION = YES;
				CLANG_WARN_NON_LITERAL_NULL_CONVERSION = YES;
				CLANG_WARN_OBJC_IMPLICIT_RETAIN_SELF = YES;
				CLANG_WARN_OBJC_LITERAL_CONVERSION = YES;
				CLANG_WARN_OBJC_ROOT_CLASS = YES_ERROR;
				CLANG_WARN_QUOTED_INCLUDE_IN_FRAMEWORK_HEADER = YES;
				CLANG_WARN_RANGE_LOOP_ANALYSIS = YES;
				CLANG_WARN_STRICT_PROTOTYPES = YES;
				CLANG_WARN_SUSPICIOUS_MOVE = YES;
				CLANG_WARN_UNGUARDED_AVAILABILITY = YES_AGGRESSIVE;
				CLANG_WARN_UNREACHABLE_CODE = YES;
				CLANG_WARN__DUPLICATE_METHOD_MATCH = YES;
				COPY_PHASE_STRIP = NO;
				DEBUG_INFORMATION_FORMAT = "dwarf-with-dsym";
				ENABLE_NS_ASSERTIONS = NO;
				ENABLE_STRICT_OBJC_MSGSEND = YES;
				GCC_C_LANGUAGE_STANDARD = gnu11;
				GCC_NO_COMMON_BLOCKS = YES;
				GCC_WARN_64_TO_32_BIT_CONVERSION = YES;
				GCC_WARN_ABOUT_RETURN_TYPE = YES_ERROR;
				GCC_WARN_UNDECLARED_SELECTOR = YES;
				GCC_WARN_UNINITIALIZED_AUTOS = YES_AGGRESSIVE;
				GCC_WARN_UNUSED_FUNCTION = YES;
				GCC_WARN_UNUSED_VARIABLE = YES;
				IPHONEOS_DEPLOYMENT_TARGET = 15.4;
				MTL_ENABLE_DEBUG_INFO = NO;
				MTL_FAST_MATH = YES;
				SDKROOT = iphoneos;
				SWIFT_COMPILATION_MODE = wholemodule;
				SWIFT_OPTIMIZATION_LEVEL = "-O";
				VALIDATE_PRODUCT = YES;
			};
			name = Release;
		};
		9791411E27FB42B5005364AF /* Debug */ = {
			isa = XCBuildConfiguration;
			buildSettings = {
				ASSETCATALOG_COMPILER_APPICON_NAME = AppIcon;
				ASSETCATALOG_COMPILER_GLOBAL_ACCENT_COLOR_NAME = AccentColor;
				CODE_SIGN_STYLE = Automatic;
				CURRENT_PROJECT_VERSION = 1;
				DEVELOPMENT_ASSET_PATHS = "\"swiftUI-test/Preview Content\"";
				DEVELOPMENT_TEAM = 5Q9399ZKMY;
				ENABLE_PREVIEWS = YES;
				GENERATE_INFOPLIST_FILE = YES;
				INFOPLIST_KEY_UIApplicationSceneManifest_Generation = YES;
				INFOPLIST_KEY_UIApplicationSupportsIndirectInputEvents = YES;
				INFOPLIST_KEY_UILaunchScreen_Generation = YES;
				INFOPLIST_KEY_UISupportedInterfaceOrientations_iPad = "UIInterfaceOrientationPortrait UIInterfaceOrientationPortraitUpsideDown UIInterfaceOrientationLandscapeLeft UIInterfaceOrientationLandscapeRight";
				INFOPLIST_KEY_UISupportedInterfaceOrientations_iPhone = "UIInterfaceOrientationPortrait UIInterfaceOrientationLandscapeLeft UIInterfaceOrientationLandscapeRight";
				LD_RUNPATH_SEARCH_PATHS = (
					"$(inherited)",
					"@executable_path/Frameworks",
				);
				MARKETING_VERSION = 1.0;
				PRODUCT_BUNDLE_IDENTIFIER = "com.raven.swiftUI-test";
				PRODUCT_NAME = "$(TARGET_NAME)";
				SWIFT_EMIT_LOC_STRINGS = YES;
				SWIFT_VERSION = 5.0;
				TARGETED_DEVICE_FAMILY = "1,2";
			};
			name = Debug;
		};
		9791411F27FB42B5005364AF /* Release */ = {
			isa = XCBuildConfiguration;
			buildSettings = {
				ASSETCATALOG_COMPILER_APPICON_NAME = AppIcon;
				ASSETCATALOG_COMPILER_GLOBAL_ACCENT_COLOR_NAME = AccentColor;
				CODE_SIGN_STYLE = Automatic;
				CURRENT_PROJECT_VERSION = 1;
				DEVELOPMENT_ASSET_PATHS = "\"swiftUI-test/Preview Content\"";
				DEVELOPMENT_TEAM = 5Q9399ZKMY;
				ENABLE_PREVIEWS = YES;
				GENERATE_INFOPLIST_FILE = YES;
				INFOPLIST_KEY_UIApplicationSceneManifest_Generation = YES;
				INFOPLIST_KEY_UIApplicationSupportsIndirectInputEvents = YES;
				INFOPLIST_KEY_UILaunchScreen_Generation = YES;
				INFOPLIST_KEY_UISupportedInterfaceOrientations_iPad = "UIInterfaceOrientationPortrait UIInterfaceOrientationPortraitUpsideDown UIInterfaceOrientationLandscapeLeft UIInterfaceOrientationLandscapeRight";
				INFOPLIST_KEY_UISupportedInterfaceOrientations_iPhone = "UIInterfaceOrientationPortrait UIInterfaceOrientationLandscapeLeft UIInterfaceOrientationLandscapeRight";
				LD_RUNPATH_SEARCH_PATHS = (
					"$(inherited)",
					"@executable_path/Frameworks",
				);
				MARKETING_VERSION = 1.0;
				PRODUCT_BUNDLE_IDENTIFIER = "com.raven.swiftUI-test";
				PRODUCT_NAME = "$(TARGET_NAME)";
				SWIFT_EMIT_LOC_STRINGS = YES;
				SWIFT_VERSION = 5.0;
				TARGETED_DEVICE_FAMILY = "1,2";
			};
			name = Release;
		};
		9791412127FB42B5005364AF /* Debug */ = {
			isa = XCBuildConfiguration;
			buildSettings = {
				ALWAYS_EMBED_SWIFT_STANDARD_LIBRARIES = YES;
				BUNDLE_LOADER = "$(TEST_HOST)";
				CODE_SIGN_STYLE = Automatic;
				CURRENT_PROJECT_VERSION = 1;
				DEVELOPMENT_TEAM = 5Q9399ZKMY;
				GENERATE_INFOPLIST_FILE = YES;
				IPHONEOS_DEPLOYMENT_TARGET = 15.4;
				MARKETING_VERSION = 1.0;
				PRODUCT_BUNDLE_IDENTIFIER = "com.raven.swiftUI-testTests";
				PRODUCT_NAME = "$(TARGET_NAME)";
				SWIFT_EMIT_LOC_STRINGS = NO;
				SWIFT_VERSION = 5.0;
				TARGETED_DEVICE_FAMILY = "1,2";
				TEST_HOST = "$(BUILT_PRODUCTS_DIR)/swiftUI-test.app/swiftUI-test";
			};
			name = Debug;
		};
		9791412227FB42B5005364AF /* Release */ = {
			isa = XCBuildConfiguration;
			buildSettings = {
				ALWAYS_EMBED_SWIFT_STANDARD_LIBRARIES = YES;
				BUNDLE_LOADER = "$(TEST_HOST)";
				CODE_SIGN_STYLE = Automatic;
				CURRENT_PROJECT_VERSION = 1;
				DEVELOPMENT_TEAM = 5Q9399ZKMY;
				GENERATE_INFOPLIST_FILE = YES;
				IPHONEOS_DEPLOYMENT_TARGET = 15.4;
				MARKETING_VERSION = 1.0;
				PRODUCT_BUNDLE_IDENTIFIER = "com.raven.swiftUI-testTests";
				PRODUCT_NAME = "$(TARGET_NAME)";
				SWIFT_EMIT_LOC_STRINGS = NO;
				SWIFT_VERSION = 5.0;
				TARGETED_DEVICE_FAMILY = "1,2";
				TEST_HOST = "$(BUILT_PRODUCTS_DIR)/swiftUI-test.app/swiftUI-test";
			};
			name = Release;
		};
		9791412427FB42B5005364AF /* Debug */ = {
			isa = XCBuildConfiguration;
			buildSettings = {
				ALWAYS_EMBED_SWIFT_STANDARD_LIBRARIES = YES;
				CODE_SIGN_STYLE = Automatic;
				CURRENT_PROJECT_VERSION = 1;
				DEVELOPMENT_TEAM = 5Q9399ZKMY;
				GENERATE_INFOPLIST_FILE = YES;
				MARKETING_VERSION = 1.0;
				PRODUCT_BUNDLE_IDENTIFIER = "com.raven.swiftUI-testUITests";
				PRODUCT_NAME = "$(TARGET_NAME)";
				SWIFT_EMIT_LOC_STRINGS = NO;
				SWIFT_VERSION = 5.0;
				TARGETED_DEVICE_FAMILY = "1,2";
				TEST_TARGET_NAME = "swiftUI-test";
			};
			name = Debug;
		};
		9791412527FB42B5005364AF /* Release */ = {
			isa = XCBuildConfiguration;
			buildSettings = {
				ALWAYS_EMBED_SWIFT_STANDARD_LIBRARIES = YES;
				CODE_SIGN_STYLE = Automatic;
				CURRENT_PROJECT_VERSION = 1;
				DEVELOPMENT_TEAM = 5Q9399ZKMY;
				GENERATE_INFOPLIST_FILE = YES;
				MARKETING_VERSION = 1.0;
				PRODUCT_BUNDLE_IDENTIFIER = "com.raven.swiftUI-testUITests";
				PRODUCT_NAME = "$(TARGET_NAME)";
				SWIFT_EMIT_LOC_STRINGS = NO;
				SWIFT_VERSION = 5.0;
				TARGETED_DEVICE_FAMILY = "1,2";
				TEST_TARGET_NAME = "swiftUI-test";
			};
			name = Release;
		};
/* End XCBuildConfiguration section */

/* Begin XCConfigurationList section */
		979140F427FB42B4005364AF /* Build configuration list for PBXProject "swiftUI-test" */ = {
			isa = XCConfigurationList;
			buildConfigurations = (
				9791411B27FB42B5005364AF /* Debug */,
				9791411C27FB42B5005364AF /* Release */,
			);
			defaultConfigurationIsVisible = 0;
			defaultConfigurationName = Release;
		};
		9791411D27FB42B5005364AF /* Build configuration list for PBXNativeTarget "swiftUI-test" */ = {
			isa = XCConfigurationList;
			buildConfigurations = (
				9791411E27FB42B5005364AF /* Debug */,
				9791411F27FB42B5005364AF /* Release */,
			);
			defaultConfigurationIsVisible = 0;
			defaultConfigurationName = Release;
		};
		9791412027FB42B5005364AF /* Build configuration list for PBXNativeTarget "swiftUI-testTests" */ = {
			isa = XCConfigurationList;
			buildConfigurations = (
				9791412127FB42B5005364AF /* Debug */,
				9791412227FB42B5005364AF /* Release */,
			);
			defaultConfigurationIsVisible = 0;
			defaultConfigurationName = Release;
		};
		9791412327FB42B5005364AF /* Build configuration list for PBXNativeTarget "swiftUI-testUITests" */ = {
			isa = XCConfigurationList;
			buildConfigurations = (
				9791412427FB42B5005364AF /* Debug */,
				9791412527FB42B5005364AF /* Release */,
			);
			defaultConfigurationIsVisible = 0;
			defaultConfigurationName = Release;
		};
/* End XCConfigurationList section */
	};
	rootObject = 979140F127FB42B4005364AF /* Project object */;
}
